// !$*UTF8*$!
{
	archiveVersion = 1;
	classes = {
	};
	objectVersion = 50;
	objects = {

/* Begin PBXBuildFile section */
		ADEBC2872105C85600712E82 /* AppDelegate.swift in Sources */ = {isa = PBXBuildFile; fileRef = ADEBC2862105C85600712E82 /* AppDelegate.swift */; };
		ADEBC2892105C85600712E82 /* ViewController.swift in Sources */ = {isa = PBXBuildFile; fileRef = ADEBC2882105C85600712E82 /* ViewController.swift */; };
		ADEBC28C2105C85600712E82 /* Main.storyboard in Resources */ = {isa = PBXBuildFile; fileRef = ADEBC28A2105C85600712E82 /* Main.storyboard */; };
		ADEBC28E2105C85700712E82 /* Assets.xcassets in Resources */ = {isa = PBXBuildFile; fileRef = ADEBC28D2105C85700712E82 /* Assets.xcassets */; };
		ADEBC2912105C85700712E82 /* LaunchScreen.storyboard in Resources */ = {isa = PBXBuildFile; fileRef = ADEBC28F2105C85700712E82 /* LaunchScreen.storyboard */; };
		ADEBC29C2105C85700712E82 /* swiftLecture05Tests.swift in Sources */ = {isa = PBXBuildFile; fileRef = ADEBC29B2105C85700712E82 /* swiftLecture05Tests.swift */; };
		ADEBC2A72105C85700712E82 /* swiftLecture05UITests.swift in Sources */ = {isa = PBXBuildFile; fileRef = ADEBC2A62105C85700712E82 /* swiftLecture05UITests.swift */; };
/* End PBXBuildFile section */

/* Begin PBXContainerItemProxy section */
		ADEBC2982105C85700712E82 /* PBXContainerItemProxy */ = {
			isa = PBXContainerItemProxy;
			containerPortal = ADEBC27B2105C85600712E82 /* Project object */;
			proxyType = 1;
			remoteGlobalIDString = ADEBC2822105C85600712E82;
			remoteInfo = swiftLecture05;
		};
		ADEBC2A32105C85700712E82 /* PBXContainerItemProxy */ = {
			isa = PBXContainerItemProxy;
			containerPortal = ADEBC27B2105C85600712E82 /* Project object */;
			proxyType = 1;
			remoteGlobalIDString = ADEBC2822105C85600712E82;
			remoteInfo = swiftLecture05;
		};
/* End PBXContainerItemProxy section */

/* Begin PBXFileReference section */
		ADEBC2832105C85600712E82 /* swiftLecture05.app */ = {isa = PBXFileReference; explicitFileType = wrapper.application; includeInIndex = 0; path = swiftLecture05.app; sourceTree = BUILT_PRODUCTS_DIR; };
		ADEBC2862105C85600712E82 /* AppDelegate.swift */ = {isa = PBXFileReference; lastKnownFileType = sourcecode.swift; path = AppDelegate.swift; sourceTree = "<group>"; };
		ADEBC2882105C85600712E82 /* ViewController.swift */ = {isa = PBXFileReference; lastKnownFileType = sourcecode.swift; path = ViewController.swift; sourceTree = "<group>"; };
		ADEBC28B2105C85600712E82 /* Base */ = {isa = PBXFileReference; lastKnownFileType = file.storyboard; name = Base; path = Base.lproj/Main.storyboard; sourceTree = "<group>"; };
		ADEBC28D2105C85700712E82 /* Assets.xcassets */ = {isa = PBXFileReference; lastKnownFileType = folder.assetcatalog; path = Assets.xcassets; sourceTree = "<group>"; };
		ADEBC2902105C85700712E82 /* Base */ = {isa = PBXFileReference; lastKnownFileType = file.storyboard; name = Base; path = Base.lproj/LaunchScreen.storyboard; sourceTree = "<group>"; };
		ADEBC2922105C85700712E82 /* Info.plist */ = {isa = PBXFileReference; lastKnownFileType = text.plist.xml; path = Info.plist; sourceTree = "<group>"; };
		ADEBC2972105C85700712E82 /* swiftLecture05Tests.xctest */ = {isa = PBXFileReference; explicitFileType = wrapper.cfbundle; includeInIndex = 0; path = swiftLecture05Tests.xctest; sourceTree = BUILT_PRODUCTS_DIR; };
		ADEBC29B2105C85700712E82 /* swiftLecture05Tests.swift */ = {isa = PBXFileReference; lastKnownFileType = sourcecode.swift; path = swiftLecture05Tests.swift; sourceTree = "<group>"; };
		ADEBC29D2105C85700712E82 /* Info.plist */ = {isa = PBXFileReference; lastKnownFileType = text.plist.xml; path = Info.plist; sourceTree = "<group>"; };
		ADEBC2A22105C85700712E82 /* swiftLecture05UITests.xctest */ = {isa = PBXFileReference; explicitFileType = wrapper.cfbundle; includeInIndex = 0; path = swiftLecture05UITests.xctest; sourceTree = BUILT_PRODUCTS_DIR; };
		ADEBC2A62105C85700712E82 /* swiftLecture05UITests.swift */ = {isa = PBXFileReference; lastKnownFileType = sourcecode.swift; path = swiftLecture05UITests.swift; sourceTree = "<group>"; };
		ADEBC2A82105C85700712E82 /* Info.plist */ = {isa = PBXFileReference; lastKnownFileType = text.plist.xml; path = Info.plist; sourceTree = "<group>"; };
/* End PBXFileReference section */

/* Begin PBXFrameworksBuildPhase section */
		ADEBC2802105C85600712E82 /* Frameworks */ = {
			isa = PBXFrameworksBuildPhase;
			buildActionMask = 2147483647;
			files = (
			);
			runOnlyForDeploymentPostprocessing = 0;
		};
		ADEBC2942105C85700712E82 /* Frameworks */ = {
			isa = PBXFrameworksBuildPhase;
			buildActionMask = 2147483647;
			files = (
			);
			runOnlyForDeploymentPostprocessing = 0;
		};
		ADEBC29F2105C85700712E82 /* Frameworks */ = {
			isa = PBXFrameworksBuildPhase;
			buildActionMask = 2147483647;
			files = (
			);
			runOnlyForDeploymentPostprocessing = 0;
		};
/* End PBXFrameworksBuildPhase section */

/* Begin PBXGroup section */
		ADEBC27A2105C85600712E82 = {
			isa = PBXGroup;
			children = (
				ADEBC2852105C85600712E82 /* swiftLecture05 */,
				ADEBC29A2105C85700712E82 /* swiftLecture05Tests */,
				ADEBC2A52105C85700712E82 /* swiftLecture05UITests */,
				ADEBC2842105C85600712E82 /* Products */,
			);
			sourceTree = "<group>";
		};
		ADEBC2842105C85600712E82 /* Products */ = {
			isa = PBXGroup;
			children = (
				ADEBC2832105C85600712E82 /* swiftLecture05.app */,
				ADEBC2972105C85700712E82 /* swiftLecture05Tests.xctest */,
				ADEBC2A22105C85700712E82 /* swiftLecture05UITests.xctest */,
			);
			name = Products;
			sourceTree = "<group>";
		};
		ADEBC2852105C85600712E82 /* swiftLecture05 */ = {
			isa = PBXGroup;
			children = (
				ADEBC2862105C85600712E82 /* AppDelegate.swift */,
				ADEBC2882105C85600712E82 /* ViewController.swift */,
				ADEBC28A2105C85600712E82 /* Main.storyboard */,
				ADEBC28D2105C85700712E82 /* Assets.xcassets */,
				ADEBC28F2105C85700712E82 /* LaunchScreen.storyboard */,
				ADEBC2922105C85700712E82 /* Info.plist */,
			);
			path = swiftLecture05;
			sourceTree = "<group>";
		};
		ADEBC29A2105C85700712E82 /* swiftLecture05Tests */ = {
			isa = PBXGroup;
			children = (
				ADEBC29B2105C85700712E82 /* swiftLecture05Tests.swift */,
				ADEBC29D2105C85700712E82 /* Info.plist */,
			);
			path = swiftLecture05Tests;
			sourceTree = "<group>";
		};
		ADEBC2A52105C85700712E82 /* swiftLecture05UITests */ = {
			isa = PBXGroup;
			children = (
				ADEBC2A62105C85700712E82 /* swiftLecture05UITests.swift */,
				ADEBC2A82105C85700712E82 /* Info.plist */,
			);
			path = swiftLecture05UITests;
			sourceTree = "<group>";
		};
/* End PBXGroup section */

/* Begin PBXNativeTarget section */
		ADEBC2822105C85600712E82 /* swiftLecture05 */ = {
			isa = PBXNativeTarget;
			buildConfigurationList = ADEBC2AB2105C85700712E82 /* Build configuration list for PBXNativeTarget "swiftLecture05" */;
			buildPhases = (
				ADEBC27F2105C85600712E82 /* Sources */,
				ADEBC2802105C85600712E82 /* Frameworks */,
				ADEBC2812105C85600712E82 /* Resources */,
			);
			buildRules = (
			);
			dependencies = (
			);
			name = swiftLecture05;
			productName = swiftLecture05;
			productReference = ADEBC2832105C85600712E82 /* swiftLecture05.app */;
			productType = "com.apple.product-type.application";
		};
		ADEBC2962105C85700712E82 /* swiftLecture05Tests */ = {
			isa = PBXNativeTarget;
			buildConfigurationList = ADEBC2AE2105C85700712E82 /* Build configuration list for PBXNativeTarget "swiftLecture05Tests" */;
			buildPhases = (
				ADEBC2932105C85700712E82 /* Sources */,
				ADEBC2942105C85700712E82 /* Frameworks */,
				ADEBC2952105C85700712E82 /* Resources */,
			);
			buildRules = (
			);
			dependencies = (
				ADEBC2992105C85700712E82 /* PBXTargetDependency */,
			);
			name = swiftLecture05Tests;
			productName = swiftLecture05Tests;
			productReference = ADEBC2972105C85700712E82 /* swiftLecture05Tests.xctest */;
			productType = "com.apple.product-type.bundle.unit-test";
		};
		ADEBC2A12105C85700712E82 /* swiftLecture05UITests */ = {
			isa = PBXNativeTarget;
			buildConfigurationList = ADEBC2B12105C85700712E82 /* Build configuration list for PBXNativeTarget "swiftLecture05UITests" */;
			buildPhases = (
				ADEBC29E2105C85700712E82 /* Sources */,
				ADEBC29F2105C85700712E82 /* Frameworks */,
				ADEBC2A02105C85700712E82 /* Resources */,
			);
			buildRules = (
			);
			dependencies = (
				ADEBC2A42105C85700712E82 /* PBXTargetDependency */,
			);
			name = swiftLecture05UITests;
			productName = swiftLecture05UITests;
			productReference = ADEBC2A22105C85700712E82 /* swiftLecture05UITests.xctest */;
			productType = "com.apple.product-type.bundle.ui-testing";
		};
/* End PBXNativeTarget section */

/* Begin PBXProject section */
		ADEBC27B2105C85600712E82 /* Project object */ = {
			isa = PBXProject;
			attributes = {
				LastSwiftUpdateCheck = 1000;
				LastUpgradeCheck = 1000;
				ORGANIZATIONNAME = tripim;
				TargetAttributes = {
					ADEBC2822105C85600712E82 = {
						CreatedOnToolsVersion = 10.0;
					};
					ADEBC2962105C85700712E82 = {
						CreatedOnToolsVersion = 10.0;
						TestTargetID = ADEBC2822105C85600712E82;
					};
					ADEBC2A12105C85700712E82 = {
						CreatedOnToolsVersion = 10.0;
						TestTargetID = ADEBC2822105C85600712E82;
					};
				};
			};
			buildConfigurationList = ADEBC27E2105C85600712E82 /* Build configuration list for PBXProject "swiftLecture05" */;
			compatibilityVersion = "Xcode 9.3";
			developmentRegion = en;
			hasScannedForEncodings = 0;
			knownRegions = (
				en,
				Base,
			);
			mainGroup = ADEBC27A2105C85600712E82;
			productRefGroup = ADEBC2842105C85600712E82 /* Products */;
			projectDirPath = "";
			projectRoot = "";
			targets = (
				ADEBC2822105C85600712E82 /* swiftLecture05 */,
				ADEBC2962105C85700712E82 /* swiftLecture05Tests */,
				ADEBC2A12105C85700712E82 /* swiftLecture05UITests */,
			);
		};
/* End PBXProject section */

/* Begin PBXResourcesBuildPhase section */
		ADEBC2812105C85600712E82 /* Resources */ = {
			isa = PBXResourcesBuildPhase;
			buildActionMask = 2147483647;
			files = (
				ADEBC2912105C85700712E82 /* LaunchScreen.storyboard in Resources */,
				ADEBC28E2105C85700712E82 /* Assets.xcassets in Resources */,
				ADEBC28C2105C85600712E82 /* Main.storyboard in Resources */,
			);
			runOnlyForDeploymentPostprocessing = 0;
		};
		ADEBC2952105C85700712E82 /* Resources */ = {
			isa = PBXResourcesBuildPhase;
			buildActionMask = 2147483647;
			files = (
			);
			runOnlyForDeploymentPostprocessing = 0;
		};
		ADEBC2A02105C85700712E82 /* Resources */ = {
			isa = PBXResourcesBuildPhase;
			buildActionMask = 2147483647;
			files = (
			);
			runOnlyForDeploymentPostprocessing = 0;
		};
/* End PBXResourcesBuildPhase section */

/* Begin PBXSourcesBuildPhase section */
		ADEBC27F2105C85600712E82 /* Sources */ = {
			isa = PBXSourcesBuildPhase;
			buildActionMask = 2147483647;
			files = (
				ADEBC2892105C85600712E82 /* ViewController.swift in Sources */,
				ADEBC2872105C85600712E82 /* AppDelegate.swift in Sources */,
			);
			runOnlyForDeploymentPostprocessing = 0;
		};
		ADEBC2932105C85700712E82 /* Sources */ = {
			isa = PBXSourcesBuildPhase;
			buildActionMask = 2147483647;
			files = (
				ADEBC29C2105C85700712E82 /* swiftLecture05Tests.swift in Sources */,
			);
			runOnlyForDeploymentPostprocessing = 0;
		};
		ADEBC29E2105C85700712E82 /* Sources */ = {
			isa = PBXSourcesBuildPhase;
			buildActionMask = 2147483647;
			files = (
				ADEBC2A72105C85700712E82 /* swiftLecture05UITests.swift in Sources */,
			);
			runOnlyForDeploymentPostprocessing = 0;
		};
/* End PBXSourcesBuildPhase section */

/* Begin PBXTargetDependency section */
		ADEBC2992105C85700712E82 /* PBXTargetDependency */ = {
			isa = PBXTargetDependency;
			target = ADEBC2822105C85600712E82 /* swiftLecture05 */;
			targetProxy = ADEBC2982105C85700712E82 /* PBXContainerItemProxy */;
		};
		ADEBC2A42105C85700712E82 /* PBXTargetDependency */ = {
			isa = PBXTargetDependency;
			target = ADEBC2822105C85600712E82 /* swiftLecture05 */;
			targetProxy = ADEBC2A32105C85700712E82 /* PBXContainerItemProxy */;
		};
/* End PBXTargetDependency section */

/* Begin PBXVariantGroup section */
		ADEBC28A2105C85600712E82 /* Main.storyboard */ = {
			isa = PBXVariantGroup;
			children = (
				ADEBC28B2105C85600712E82 /* Base */,
			);
			name = Main.storyboard;
			sourceTree = "<group>";
		};
		ADEBC28F2105C85700712E82 /* LaunchScreen.storyboard */ = {
			isa = PBXVariantGroup;
			children = (
				ADEBC2902105C85700712E82 /* Base */,
			);
			name = LaunchScreen.storyboard;
			sourceTree = "<group>";
		};
/* End PBXVariantGroup section */

/* Begin XCBuildConfiguration section */
		ADEBC2A92105C85700712E82 /* Debug */ = {
			isa = XCBuildConfiguration;
			buildSettings = {
				ALWAYS_SEARCH_USER_PATHS = NO;
				CLANG_ANALYZER_NONNULL = YES;
				CLANG_ANALYZER_NUMBER_OBJECT_CONVERSION = YES_AGGRESSIVE;
				CLANG_CXX_LANGUAGE_STANDARD = "gnu++14";
				CLANG_CXX_LIBRARY = "libc++";
				CLANG_ENABLE_MODULES = YES;
				CLANG_ENABLE_OBJC_ARC = YES;
				CLANG_ENABLE_OBJC_WEAK = YES;
				CLANG_WARN_BLOCK_CAPTURE_AUTORELEASING = YES;
				CLANG_WARN_BOOL_CONVERSION = YES;
				CLANG_WARN_COMMA = YES;
				CLANG_WARN_CONSTANT_CONVERSION = YES;
				CLANG_WARN_DEPRECATED_OBJC_IMPLEMENTATIONS = YES;
				CLANG_WARN_DIRECT_OBJC_ISA_USAGE = YES_ERROR;
				CLANG_WARN_DOCUMENTATION_COMMENTS = YES;
				CLANG_WARN_EMPTY_BODY = YES;
				CLANG_WARN_ENUM_CONVERSION = YES;
				CLANG_WARN_INFINITE_RECURSION = YES;
				CLANG_WARN_INT_CONVERSION = YES;
				CLANG_WARN_NON_LITERAL_NULL_CONVERSION = YES;
				CLANG_WARN_OBJC_IMPLICIT_RETAIN_SELF = YES;
				CLANG_WARN_OBJC_LITERAL_CONVERSION = YES;
				CLANG_WARN_OBJC_ROOT_CLASS = YES_ERROR;
				CLANG_WARN_RANGE_LOOP_ANALYSIS = YES;
				CLANG_WARN_STRICT_PROTOTYPES = YES;
				CLANG_WARN_SUSPICIOUS_MOVE = YES;
				CLANG_WARN_UNGUARDED_AVAILABILITY = YES_AGGRESSIVE;
				CLANG_WARN_UNREACHABLE_CODE = YES;
				CLANG_WARN__DUPLICATE_METHOD_MATCH = YES;
				CODE_SIGN_IDENTITY = "iPhone Developer";
				COPY_PHASE_STRIP = NO;
				DEBUG_INFORMATION_FORMAT = dwarf;
				ENABLE_STRICT_OBJC_MSGSEND = YES;
				ENABLE_TESTABILITY = YES;
				GCC_C_LANGUAGE_STANDARD = gnu11;
				GCC_DYNAMIC_NO_PIC = NO;
				GCC_NO_COMMON_BLOCKS = YES;
				GCC_OPTIMIZATION_LEVEL = 0;
				GCC_PREPROCESSOR_DEFINITIONS = (
					"DEBUG=1",
					"$(inherited)",
				);
				GCC_WARN_64_TO_32_BIT_CONVERSION = YES;
				GCC_WARN_ABOUT_RETURN_TYPE = YES_ERROR;
				GCC_WARN_UNDECLARED_SELECTOR = YES;
				GCC_WARN_UNINITIALIZED_AUTOS = YES_AGGRESSIVE;
				GCC_WARN_UNUSED_FUNCTION = YES;
				GCC_WARN_UNUSED_VARIABLE = YES;
				IPHONEOS_DEPLOYMENT_TARGET = 12.0;
				MTL_ENABLE_DEBUG_INFO = INCLUDE_SOURCE;
				MTL_FAST_MATH = YES;
				ONLY_ACTIVE_ARCH = YES;
				SDKROOT = iphoneos;
				SWIFT_ACTIVE_COMPILATION_CONDITIONS = DEBUG;
				SWIFT_OPTIMIZATION_LEVEL = "-Onone";
			};
			name = Debug;
		};
		ADEBC2AA2105C85700712E82 /* Release */ = {
			isa = XCBuildConfiguration;
			buildSettings = {
				ALWAYS_SEARCH_USER_PATHS = NO;
				CLANG_ANALYZER_NONNULL = YES;
				CLANG_ANALYZER_NUMBER_OBJECT_CONVERSION = YES_AGGRESSIVE;
				CLANG_CXX_LANGUAGE_STANDARD = "gnu++14";
				CLANG_CXX_LIBRARY = "libc++";
				CLANG_ENABLE_MODULES = YES;
				CLANG_ENABLE_OBJC_ARC = YES;
				CLANG_ENABLE_OBJC_WEAK = YES;
				CLANG_WARN_BLOCK_CAPTURE_AUTORELEASING = YES;
				CLANG_WARN_BOOL_CONVERSION = YES;
				CLANG_WARN_COMMA = YES;
				CLANG_WARN_CONSTANT_CONVERSION = YES;
				CLANG_WARN_DEPRECATED_OBJC_IMPLEMENTATIONS = YES;
				CLANG_WARN_DIRECT_OBJC_ISA_USAGE = YES_ERROR;
				CLANG_WARN_DOCUMENTATION_COMMENTS = YES;
				CLANG_WARN_EMPTY_BODY = YES;
				CLANG_WARN_ENUM_CONVERSION = YES;
				CLANG_WARN_INFINITE_RECURSION = YES;
				CLANG_WARN_INT_CONVERSION = YES;
				CLANG_WARN_NON_LITERAL_NULL_CONVERSION = YES;
				CLANG_WARN_OBJC_IMPLICIT_RETAIN_SELF = YES;
				CLANG_WARN_OBJC_LITERAL_CONVERSION = YES;
				CLANG_WARN_OBJC_ROOT_CLASS = YES_ERROR;
				CLANG_WARN_RANGE_LOOP_ANALYSIS = YES;
				CLANG_WARN_STRICT_PROTOTYPES = YES;
				CLANG_WARN_SUSPICIOUS_MOVE = YES;
				CLANG_WARN_UNGUARDED_AVAILABILITY = YES_AGGRESSIVE;
				CLANG_WARN_UNREACHABLE_CODE = YES;
				CLANG_WARN__DUPLICATE_METHOD_MATCH = YES;
				CODE_SIGN_IDENTITY = "iPhone Developer";
				COPY_PHASE_STRIP = NO;
				DEBUG_INFORMATION_FORMAT = "dwarf-with-dsym";
				ENABLE_NS_ASSERTIONS = NO;
				ENABLE_STRICT_OBJC_MSGSEND = YES;
				GCC_C_LANGUAGE_STANDARD = gnu11;
				GCC_NO_COMMON_BLOCKS = YES;
				GCC_WARN_64_TO_32_BIT_CONVERSION = YES;
				GCC_WARN_ABOUT_RETURN_TYPE = YES_ERROR;
				GCC_WARN_UNDECLARED_SELECTOR = YES;
				GCC_WARN_UNINITIALIZED_AUTOS = YES_AGGRESSIVE;
				GCC_WARN_UNUSED_FUNCTION = YES;
				GCC_WARN_UNUSED_VARIABLE = YES;
				IPHONEOS_DEPLOYMENT_TARGET = 12.0;
				MTL_ENABLE_DEBUG_INFO = NO;
				MTL_FAST_MATH = YES;
				SDKROOT = iphoneos;
				SWIFT_COMPILATION_MODE = wholemodule;
				SWIFT_OPTIMIZATION_LEVEL = "-O";
				VALIDATE_PRODUCT = YES;
			};
			name = Release;
		};
		ADEBC2AC2105C85700712E82 /* Debug */ = {
			isa = XCBuildConfiguration;
			buildSettings = {
				ASSETCATALOG_COMPILER_APPICON_NAME = AppIcon;
				CODE_SIGN_STYLE = Automatic;
				INFOPLIST_FILE = swiftLecture05/Info.plist;
				LD_RUNPATH_SEARCH_PATHS = (
					"$(inherited)",
					"@executable_path/Frameworks",
				);
				PRODUCT_BUNDLE_IDENTIFIER = com.tripim.swiftLecture05;
				PRODUCT_NAME = "$(TARGET_NAME)";
				SWIFT_VERSION = 4.2;
				TARGETED_DEVICE_FAMILY = "1,2";
			};
			name = Debug;
		};
		ADEBC2AD2105C85700712E82 /* Release */ = {
			isa = XCBuildConfiguration;
			buildSettings = {
				ASSETCATALOG_COMPILER_APPICON_NAME = AppIcon;
				CODE_SIGN_STYLE = Automatic;
				INFOPLIST_FILE = swiftLecture05/Info.plist;
				LD_RUNPATH_SEARCH_PATHS = (
					"$(inherited)",
					"@executable_path/Frameworks",
				);
				PRODUCT_BUNDLE_IDENTIFIER = com.tripim.swiftLecture05;
				PRODUCT_NAME = "$(TARGET_NAME)";
				SWIFT_VERSION = 4.2;
				TARGETED_DEVICE_FAMILY = "1,2";
			};
			name = Release;
		};
		ADEBC2AF2105C85700712E82 /* Debug */ = {
			isa = XCBuildConfiguration;
			buildSettings = {
				ALWAYS_EMBED_SWIFT_STANDARD_LIBRARIES = YES;
				BUNDLE_LOADER = "$(TEST_HOST)";
				CODE_SIGN_STYLE = Automatic;
				INFOPLIST_FILE = swiftLecture05Tests/Info.plist;
				LD_RUNPATH_SEARCH_PATHS = (
					"$(inherited)",
					"@executable_path/Frameworks",
					"@loader_path/Frameworks",
				);
				PRODUCT_BUNDLE_IDENTIFIER = com.tripim.swiftLecture05Tests;
				PRODUCT_NAME = "$(TARGET_NAME)";
				SWIFT_VERSION = 4.2;
				TARGETED_DEVICE_FAMILY = "1,2";
				TEST_HOST = "$(BUILT_PRODUCTS_DIR)/swiftLecture05.app/swiftLecture05";
			};
			name = Debug;
		};
		ADEBC2B02105C85700712E82 /* Release */ = {
			isa = XCBuildConfiguration;
			buildSettings = {
				ALWAYS_EMBED_SWIFT_STANDARD_LIBRARIES = YES;
				BUNDLE_LOADER = "$(TEST_HOST)";
				CODE_SIGN_STYLE = Automatic;
				INFOPLIST_FILE = swiftLecture05Tests/Info.plist;
				LD_RUNPATH_SEARCH_PATHS = (
					"$(inherited)",
					"@executable_path/Frameworks",
					"@loader_path/Frameworks",
				);
				PRODUCT_BUNDLE_IDENTIFIER = com.tripim.swiftLecture05Tests;
				PRODUCT_NAME = "$(TARGET_NAME)";
				SWIFT_VERSION = 4.2;
				TARGETED_DEVICE_FAMILY = "1,2";
				TEST_HOST = "$(BUILT_PRODUCTS_DIR)/swiftLecture05.app/swiftLecture05";
			};
			name = Release;
		};
		ADEBC2B22105C85700712E82 /* Debug */ = {
			isa = XCBuildConfiguration;
			buildSettings = {
				ALWAYS_EMBED_SWIFT_STANDARD_LIBRARIES = YES;
				CODE_SIGN_STYLE = Automatic;
				INFOPLIST_FILE = swiftLecture05UITests/Info.plist;
				LD_RUNPATH_SEARCH_PATHS = (
					"$(inherited)",
					"@executable_path/Frameworks",
					"@loader_path/Frameworks",
				);
				PRODUCT_BUNDLE_IDENTIFIER = com.tripim.swiftLecture05UITests;
				PRODUCT_NAME = "$(TARGET_NAME)";
				SWIFT_VERSION = 4.2;
				TARGETED_DEVICE_FAMILY = "1,2";
				TEST_TARGET_NAME = swiftLecture05;
			};
			name = Debug;
		};
		ADEBC2B32105C85700712E82 /* Release */ = {
			isa = XCBuildConfiguration;
			buildSettings = {
				ALWAYS_EMBED_SWIFT_STANDARD_LIBRARIES = YES;
				CODE_SIGN_STYLE = Automatic;
				INFOPLIST_FILE = swiftLecture05UITests/Info.plist;
				LD_RUNPATH_SEARCH_PATHS = (
					"$(inherited)",
					"@executable_path/Frameworks",
					"@loader_path/Frameworks",
				);
				PRODUCT_BUNDLE_IDENTIFIER = com.tripim.swiftLecture05UITests;
				PRODUCT_NAME = "$(TARGET_NAME)";
				SWIFT_VERSION = 4.2;
				TARGETED_DEVICE_FAMILY = "1,2";
				TEST_TARGET_NAME = swiftLecture05;
			};
			name = Release;
		};
/* End XCBuildConfiguration section */

/* Begin XCConfigurationList section */
		ADEBC27E2105C85600712E82 /* Build configuration list for PBXProject "swiftLecture05" */ = {
			isa = XCConfigurationList;
			buildConfigurations = (
				ADEBC2A92105C85700712E82 /* Debug */,
				ADEBC2AA2105C85700712E82 /* Release */,
			);
			defaultConfigurationIsVisible = 0;
			defaultConfigurationName = Release;
		};
		ADEBC2AB2105C85700712E82 /* Build configuration list for PBXNativeTarget "swiftLecture05" */ = {
			isa = XCConfigurationList;
			buildConfigurations = (
				ADEBC2AC2105C85700712E82 /* Debug */,
				ADEBC2AD2105C85700712E82 /* Release */,
			);
			defaultConfigurationIsVisible = 0;
			defaultConfigurationName = Release;
		};
		ADEBC2AE2105C85700712E82 /* Build configuration list for PBXNativeTarget "swiftLecture05Tests" */ = {
			isa = XCConfigurationList;
			buildConfigurations = (
				ADEBC2AF2105C85700712E82 /* Debug */,
				ADEBC2B02105C85700712E82 /* Release */,
			);
			defaultConfigurationIsVisible = 0;
			defaultConfigurationName = Release;
		};
		ADEBC2B12105C85700712E82 /* Build configuration list for PBXNativeTarget "swiftLecture05UITests" */ = {
			isa = XCConfigurationList;
			buildConfigurations = (
				ADEBC2B22105C85700712E82 /* Debug */,
				ADEBC2B32105C85700712E82 /* Release */,
			);
			defaultConfigurationIsVisible = 0;
			defaultConfigurationName = Release;
		};
/* End XCConfigurationList section */
	};
	rootObject = ADEBC27B2105C85600712E82 /* Project object */;
}
